
Microsoft Visual Studio Solution File, Format Version 12.00
# Visual Studio Version 16
VisualStudioVersion = 16.0.31105.61
MinimumVisualStudioVersion = 10.0.40219.1
Project("{FAE04EC0-301F-11D3-BF4B-00C04F79EFBC}") = "Ex03.GarageLogic", "Ex03.GarageLogic\Ex03.GarageLogic.csproj", "{8EF502B3-DF65-4A14-969E-62CBA11A7925}"
EndProject
Project("{FAE04EC0-301F-11D3-BF4B-00C04F79EFBC}") = "Ex03.ConsoleUI", "Ex03.ConsoleUI\Ex03.ConsoleUI.csproj", "{5E97E467-A727-4A09-8052-22FDE7872DD5}"
EndProject
Project("{2150E333-8FDC-42A3-9474-1A3956D46DE8}") = "Solution Items", "Solution Items", "{5E74C45A-EE36-4E77-AB7E-94D8C39ADCA1}"
	ProjectSection(SolutionItems) = preProject
		TextFile.txt = TextFile.txt
	EndProjectSection
EndProject
Global
	GlobalSection(SolutionConfigurationPlatforms) = preSolution
		Debug|Any CPU = Debug|Any CPU
		Release|Any CPU = Release|Any CPU
	EndGlobalSection
	GlobalSection(ProjectConfigurationPlatforms) = postSolution
		{8EF502B3-DF65-4A14-969E-62CBA11A7925}.Debug|Any CPU.ActiveCfg = Debug|Any CPU
		{8EF502B3-DF65-4A14-969E-62CBA11A7925}.Debug|Any CPU.Build.0 = Debug|Any CPU
		{8EF502B3-DF65-4A14-969E-62CBA11A7925}.Release|Any CPU.ActiveCfg = Release|Any CPU
		{8EF502B3-DF65-4A14-969E-62CBA11A7925}.Release|Any CPU.Build.0 = Release|Any CPU
		{5E97E467-A727-4A09-8052-22FDE7872DD5}.Debug|Any CPU.ActiveCfg = Debug|Any CPU
		{5E97E467-A727-4A09-8052-22FDE7872DD5}.Debug|Any CPU.Build.0 = Debug|Any CPU
		{5E97E467-A727-4A09-8052-22FDE7872DD5}.Release|Any CPU.ActiveCfg = Release|Any CPU
		{5E97E467-A727-4A09-8052-22FDE7872DD5}.Release|Any CPU.Build.0 = Release|Any CPU
	EndGlobalSection
	GlobalSection(SolutionProperties) = preSolution
		HideSolutionNode = FALSE
	EndGlobalSection
	GlobalSection(ExtensibilityGlobals) = postSolution
		SolutionGuid = {2E39A222-E441-475D-9DA5-4669C1C1E5DC}
	EndGlobalSection
EndGlobal
